// !$*UTF8*$!
{
	archiveVersion = 1;
	classes = {
	};
	objectVersion = 46;
	objects = {

/* Begin PBXBuildFile section */
		21BF1F8E1DBE4D42001A45E3 /* AppDelegate.swift in Sources */ = {isa = PBXBuildFile; fileRef = 21BF1F8D1DBE4D42001A45E3 /* AppDelegate.swift */; };
		21BF1F901DBE4D42001A45E3 /* ViewController.swift in Sources */ = {isa = PBXBuildFile; fileRef = 21BF1F8F1DBE4D42001A45E3 /* ViewController.swift */; };
		21BF1F931DBE4D42001A45E3 /* Main.storyboard in Resources */ = {isa = PBXBuildFile; fileRef = 21BF1F911DBE4D42001A45E3 /* Main.storyboard */; };
		21BF1F951DBE4D42001A45E3 /* Assets.xcassets in Resources */ = {isa = PBXBuildFile; fileRef = 21BF1F941DBE4D42001A45E3 /* Assets.xcassets */; };
		21BF1F981DBE4D42001A45E3 /* LaunchScreen.storyboard in Resources */ = {isa = PBXBuildFile; fileRef = 21BF1F961DBE4D42001A45E3 /* LaunchScreen.storyboard */; };
		21BF1FA31DBE4D42001A45E3 /* Sound_MapTests.swift in Sources */ = {isa = PBXBuildFile; fileRef = 21BF1FA21DBE4D42001A45E3 /* Sound_MapTests.swift */; };
		21BF1FAE1DBE4D42001A45E3 /* Sound_MapUITests.swift in Sources */ = {isa = PBXBuildFile; fileRef = 21BF1FAD1DBE4D42001A45E3 /* Sound_MapUITests.swift */; };
/* End PBXBuildFile section */

/* Begin PBXContainerItemProxy section */
		21BF1F9F1DBE4D42001A45E3 /* PBXContainerItemProxy */ = {
			isa = PBXContainerItemProxy;
			containerPortal = 21BF1F821DBE4D42001A45E3 /* Project object */;
			proxyType = 1;
			remoteGlobalIDString = 21BF1F891DBE4D42001A45E3;
			remoteInfo = "Sound Map";
		};
		21BF1FAA1DBE4D42001A45E3 /* PBXContainerItemProxy */ = {
			isa = PBXContainerItemProxy;
			containerPortal = 21BF1F821DBE4D42001A45E3 /* Project object */;
			proxyType = 1;
			remoteGlobalIDString = 21BF1F891DBE4D42001A45E3;
			remoteInfo = "Sound Map";
		};
/* End PBXContainerItemProxy section */

/* Begin PBXFileReference section */
		21BF1F8A1DBE4D42001A45E3 /* Sound Map.app */ = {isa = PBXFileReference; explicitFileType = wrapper.application; includeInIndex = 0; path = "Sound Map.app"; sourceTree = BUILT_PRODUCTS_DIR; };
		21BF1F8D1DBE4D42001A45E3 /* AppDelegate.swift */ = {isa = PBXFileReference; lastKnownFileType = sourcecode.swift; path = AppDelegate.swift; sourceTree = "<group>"; };
		21BF1F8F1DBE4D42001A45E3 /* ViewController.swift */ = {isa = PBXFileReference; lastKnownFileType = sourcecode.swift; path = ViewController.swift; sourceTree = "<group>"; };
		21BF1F921DBE4D42001A45E3 /* Base */ = {isa = PBXFileReference; lastKnownFileType = file.storyboard; name = Base; path = Base.lproj/Main.storyboard; sourceTree = "<group>"; };
		21BF1F941DBE4D42001A45E3 /* Assets.xcassets */ = {isa = PBXFileReference; lastKnownFileType = folder.assetcatalog; path = Assets.xcassets; sourceTree = "<group>"; };
		21BF1F971DBE4D42001A45E3 /* Base */ = {isa = PBXFileReference; lastKnownFileType = file.storyboard; name = Base; path = Base.lproj/LaunchScreen.storyboard; sourceTree = "<group>"; };
		21BF1F991DBE4D42001A45E3 /* Info.plist */ = {isa = PBXFileReference; lastKnownFileType = text.plist.xml; path = Info.plist; sourceTree = "<group>"; };
		21BF1F9E1DBE4D42001A45E3 /* Sound MapTests.xctest */ = {isa = PBXFileReference; explicitFileType = wrapper.cfbundle; includeInIndex = 0; path = "Sound MapTests.xctest"; sourceTree = BUILT_PRODUCTS_DIR; };
		21BF1FA21DBE4D42001A45E3 /* Sound_MapTests.swift */ = {isa = PBXFileReference; lastKnownFileType = sourcecode.swift; path = Sound_MapTests.swift; sourceTree = "<group>"; };
		21BF1FA41DBE4D42001A45E3 /* Info.plist */ = {isa = PBXFileReference; lastKnownFileType = text.plist.xml; path = Info.plist; sourceTree = "<group>"; };
		21BF1FA91DBE4D42001A45E3 /* Sound MapUITests.xctest */ = {isa = PBXFileReference; explicitFileType = wrapper.cfbundle; includeInIndex = 0; path = "Sound MapUITests.xctest"; sourceTree = BUILT_PRODUCTS_DIR; };
		21BF1FAD1DBE4D42001A45E3 /* Sound_MapUITests.swift */ = {isa = PBXFileReference; lastKnownFileType = sourcecode.swift; path = Sound_MapUITests.swift; sourceTree = "<group>"; };
		21BF1FAF1DBE4D42001A45E3 /* Info.plist */ = {isa = PBXFileReference; lastKnownFileType = text.plist.xml; path = Info.plist; sourceTree = "<group>"; };
/* End PBXFileReference section */

/* Begin PBXFrameworksBuildPhase section */
		21BF1F871DBE4D42001A45E3 /* Frameworks */ = {
			isa = PBXFrameworksBuildPhase;
			buildActionMask = 2147483647;
			files = (
			);
			runOnlyForDeploymentPostprocessing = 0;
		};
		21BF1F9B1DBE4D42001A45E3 /* Frameworks */ = {
			isa = PBXFrameworksBuildPhase;
			buildActionMask = 2147483647;
			files = (
			);
			runOnlyForDeploymentPostprocessing = 0;
		};
		21BF1FA61DBE4D42001A45E3 /* Frameworks */ = {
			isa = PBXFrameworksBuildPhase;
			buildActionMask = 2147483647;
			files = (
			);
			runOnlyForDeploymentPostprocessing = 0;
		};
/* End PBXFrameworksBuildPhase section */

/* Begin PBXGroup section */
		21BF1F811DBE4D42001A45E3 = {
			isa = PBXGroup;
			children = (
				21BF1F8C1DBE4D42001A45E3 /* Sound Map */,
				21BF1FA11DBE4D42001A45E3 /* Sound MapTests */,
				21BF1FAC1DBE4D42001A45E3 /* Sound MapUITests */,
				21BF1F8B1DBE4D42001A45E3 /* Products */,
			);
			sourceTree = "<group>";
		};
		21BF1F8B1DBE4D42001A45E3 /* Products */ = {
			isa = PBXGroup;
			children = (
				21BF1F8A1DBE4D42001A45E3 /* Sound Map.app */,
				21BF1F9E1DBE4D42001A45E3 /* Sound MapTests.xctest */,
				21BF1FA91DBE4D42001A45E3 /* Sound MapUITests.xctest */,
			);
			name = Products;
			sourceTree = "<group>";
		};
		21BF1F8C1DBE4D42001A45E3 /* Sound Map */ = {
			isa = PBXGroup;
			children = (
				21BF1F8D1DBE4D42001A45E3 /* AppDelegate.swift */,
				21BF1F8F1DBE4D42001A45E3 /* ViewController.swift */,
				21BF1F911DBE4D42001A45E3 /* Main.storyboard */,
				21BF1F941DBE4D42001A45E3 /* Assets.xcassets */,
				21BF1F961DBE4D42001A45E3 /* LaunchScreen.storyboard */,
				21BF1F991DBE4D42001A45E3 /* Info.plist */,
			);
			path = "Sound Map";
			sourceTree = "<group>";
		};
		21BF1FA11DBE4D42001A45E3 /* Sound MapTests */ = {
			isa = PBXGroup;
			children = (
				21BF1FA21DBE4D42001A45E3 /* Sound_MapTests.swift */,
				21BF1FA41DBE4D42001A45E3 /* Info.plist */,
			);
			path = "Sound MapTests";
			sourceTree = "<group>";
		};
		21BF1FAC1DBE4D42001A45E3 /* Sound MapUITests */ = {
			isa = PBXGroup;
			children = (
				21BF1FAD1DBE4D42001A45E3 /* Sound_MapUITests.swift */,
				21BF1FAF1DBE4D42001A45E3 /* Info.plist */,
			);
			path = "Sound MapUITests";
			sourceTree = "<group>";
		};
/* End PBXGroup section */

/* Begin PBXNativeTarget section */
		21BF1F891DBE4D42001A45E3 /* Sound Map */ = {
			isa = PBXNativeTarget;
			buildConfigurationList = 21BF1FB21DBE4D42001A45E3 /* Build configuration list for PBXNativeTarget "Sound Map" */;
			buildPhases = (
				21BF1F861DBE4D42001A45E3 /* Sources */,
				21BF1F871DBE4D42001A45E3 /* Frameworks */,
				21BF1F881DBE4D42001A45E3 /* Resources */,
			);
			buildRules = (
			);
			dependencies = (
			);
			name = "Sound Map";
			productName = "Sound Map";
			productReference = 21BF1F8A1DBE4D42001A45E3 /* Sound Map.app */;
			productType = "com.apple.product-type.application";
		};
		21BF1F9D1DBE4D42001A45E3 /* Sound MapTests */ = {
			isa = PBXNativeTarget;
			buildConfigurationList = 21BF1FB51DBE4D42001A45E3 /* Build configuration list for PBXNativeTarget "Sound MapTests" */;
			buildPhases = (
				21BF1F9A1DBE4D42001A45E3 /* Sources */,
				21BF1F9B1DBE4D42001A45E3 /* Frameworks */,
				21BF1F9C1DBE4D42001A45E3 /* Resources */,
			);
			buildRules = (
			);
			dependencies = (
				21BF1FA01DBE4D42001A45E3 /* PBXTargetDependency */,
			);
			name = "Sound MapTests";
			productName = "Sound MapTests";
			productReference = 21BF1F9E1DBE4D42001A45E3 /* Sound MapTests.xctest */;
			productType = "com.apple.product-type.bundle.unit-test";
		};
		21BF1FA81DBE4D42001A45E3 /* Sound MapUITests */ = {
			isa = PBXNativeTarget;
			buildConfigurationList = 21BF1FB81DBE4D42001A45E3 /* Build configuration list for PBXNativeTarget "Sound MapUITests" */;
			buildPhases = (
				21BF1FA51DBE4D42001A45E3 /* Sources */,
				21BF1FA61DBE4D42001A45E3 /* Frameworks */,
				21BF1FA71DBE4D42001A45E3 /* Resources */,
			);
			buildRules = (
			);
			dependencies = (
				21BF1FAB1DBE4D42001A45E3 /* PBXTargetDependency */,
			);
			name = "Sound MapUITests";
			productName = "Sound MapUITests";
			productReference = 21BF1FA91DBE4D42001A45E3 /* Sound MapUITests.xctest */;
			productType = "com.apple.product-type.bundle.ui-testing";
		};
/* End PBXNativeTarget section */

/* Begin PBXProject section */
		21BF1F821DBE4D42001A45E3 /* Project object */ = {
			isa = PBXProject;
			attributes = {
				LastSwiftUpdateCheck = 0800;
				LastUpgradeCheck = 0800;
				ORGANIZATIONNAME = Aries;
				TargetAttributes = {
					21BF1F891DBE4D42001A45E3 = {
						CreatedOnToolsVersion = 8.0;
						DevelopmentTeam = NRVF758M2L;
						ProvisioningStyle = Automatic;
					};
					21BF1F9D1DBE4D42001A45E3 = {
						CreatedOnToolsVersion = 8.0;
						DevelopmentTeam = NRVF758M2L;
						ProvisioningStyle = Automatic;
						TestTargetID = 21BF1F891DBE4D42001A45E3;
					};
					21BF1FA81DBE4D42001A45E3 = {
						CreatedOnToolsVersion = 8.0;
						DevelopmentTeam = NRVF758M2L;
						ProvisioningStyle = Automatic;
						TestTargetID = 21BF1F891DBE4D42001A45E3;
					};
				};
			};
			buildConfigurationList = 21BF1F851DBE4D42001A45E3 /* Build configuration list for PBXProject "Sound Map" */;
			compatibilityVersion = "Xcode 3.2";
			developmentRegion = English;
			hasScannedForEncodings = 0;
			knownRegions = (
				en,
				Base,
			);
			mainGroup = 21BF1F811DBE4D42001A45E3;
			productRefGroup = 21BF1F8B1DBE4D42001A45E3 /* Products */;
			projectDirPath = "";
			projectRoot = "";
			targets = (
				21BF1F891DBE4D42001A45E3 /* Sound Map */,
				21BF1F9D1DBE4D42001A45E3 /* Sound MapTests */,
				21BF1FA81DBE4D42001A45E3 /* Sound MapUITests */,
			);
		};
/* End PBXProject section */

/* Begin PBXResourcesBuildPhase section */
		21BF1F881DBE4D42001A45E3 /* Resources */ = {
			isa = PBXResourcesBuildPhase;
			buildActionMask = 2147483647;
			files = (
				21BF1F981DBE4D42001A45E3 /* LaunchScreen.storyboard in Resources */,
				21BF1F951DBE4D42001A45E3 /* Assets.xcassets in Resources */,
				21BF1F931DBE4D42001A45E3 /* Main.storyboard in Resources */,
			);
			runOnlyForDeploymentPostprocessing = 0;
		};
		21BF1F9C1DBE4D42001A45E3 /* Resources */ = {
			isa = PBXResourcesBuildPhase;
			buildActionMask = 2147483647;
			files = (
			);
			runOnlyForDeploymentPostprocessing = 0;
		};
		21BF1FA71DBE4D42001A45E3 /* Resources */ = {
			isa = PBXResourcesBuildPhase;
			buildActionMask = 2147483647;
			files = (
			);
			runOnlyForDeploymentPostprocessing = 0;
		};
/* End PBXResourcesBuildPhase section */

/* Begin PBXSourcesBuildPhase section */
		21BF1F861DBE4D42001A45E3 /* Sources */ = {
			isa = PBXSourcesBuildPhase;
			buildActionMask = 2147483647;
			files = (
				21BF1F901DBE4D42001A45E3 /* ViewController.swift in Sources */,
				21BF1F8E1DBE4D42001A45E3 /* AppDelegate.swift in Sources */,
			);
			runOnlyForDeploymentPostprocessing = 0;
		};
		21BF1F9A1DBE4D42001A45E3 /* Sources */ = {
			isa = PBXSourcesBuildPhase;
			buildActionMask = 2147483647;
			files = (
				21BF1FA31DBE4D42001A45E3 /* Sound_MapTests.swift in Sources */,
			);
			runOnlyForDeploymentPostprocessing = 0;
		};
		21BF1FA51DBE4D42001A45E3 /* Sources */ = {
			isa = PBXSourcesBuildPhase;
			buildActionMask = 2147483647;
			files = (
				21BF1FAE1DBE4D42001A45E3 /* Sound_MapUITests.swift in Sources */,
			);
			runOnlyForDeploymentPostprocessing = 0;
		};
/* End PBXSourcesBuildPhase section */

/* Begin PBXTargetDependency section */
		21BF1FA01DBE4D42001A45E3 /* PBXTargetDependency */ = {
			isa = PBXTargetDependency;
			target = 21BF1F891DBE4D42001A45E3 /* Sound Map */;
			targetProxy = 21BF1F9F1DBE4D42001A45E3 /* PBXContainerItemProxy */;
		};
		21BF1FAB1DBE4D42001A45E3 /* PBXTargetDependency */ = {
			isa = PBXTargetDependency;
			target = 21BF1F891DBE4D42001A45E3 /* Sound Map */;
			targetProxy = 21BF1FAA1DBE4D42001A45E3 /* PBXContainerItemProxy */;
		};
/* End PBXTargetDependency section */

/* Begin PBXVariantGroup section */
		21BF1F911DBE4D42001A45E3 /* Main.storyboard */ = {
			isa = PBXVariantGroup;
			children = (
				21BF1F921DBE4D42001A45E3 /* Base */,
			);
			name = Main.storyboard;
			sourceTree = "<group>";
		};
		21BF1F961DBE4D42001A45E3 /* LaunchScreen.storyboard */ = {
			isa = PBXVariantGroup;
			children = (
				21BF1F971DBE4D42001A45E3 /* Base */,
			);
			name = LaunchScreen.storyboard;
			sourceTree = "<group>";
		};
/* End PBXVariantGroup section */

/* Begin XCBuildConfiguration section */
		21BF1FB01DBE4D42001A45E3 /* Debug */ = {
			isa = XCBuildConfiguration;
			buildSettings = {
				ALWAYS_SEARCH_USER_PATHS = NO;
				CLANG_ANALYZER_NONNULL = YES;
				CLANG_CXX_LANGUAGE_STANDARD = "gnu++0x";
				CLANG_CXX_LIBRARY = "libc++";
				CLANG_ENABLE_MODULES = YES;
				CLANG_ENABLE_OBJC_ARC = YES;
				CLANG_WARN_BOOL_CONVERSION = YES;
				CLANG_WARN_CONSTANT_CONVERSION = YES;
				CLANG_WARN_DIRECT_OBJC_ISA_USAGE = YES_ERROR;
				CLANG_WARN_DOCUMENTATION_COMMENTS = YES;
				CLANG_WARN_EMPTY_BODY = YES;
				CLANG_WARN_ENUM_CONVERSION = YES;
				CLANG_WARN_INFINITE_RECURSION = YES;
				CLANG_WARN_INT_CONVERSION = YES;
				CLANG_WARN_OBJC_ROOT_CLASS = YES_ERROR;
				CLANG_WARN_SUSPICIOUS_MOVES = YES;
				CLANG_WARN_UNREACHABLE_CODE = YES;
				CLANG_WARN__DUPLICATE_METHOD_MATCH = YES;
				"CODE_SIGN_IDENTITY[sdk=iphoneos*]" = "iPhone Developer";
				COPY_PHASE_STRIP = NO;
				DEBUG_INFORMATION_FORMAT = dwarf;
				ENABLE_STRICT_OBJC_MSGSEND = YES;
				ENABLE_TESTABILITY = YES;
				GCC_C_LANGUAGE_STANDARD = gnu99;
				GCC_DYNAMIC_NO_PIC = NO;
				GCC_NO_COMMON_BLOCKS = YES;
				GCC_OPTIMIZATION_LEVEL = 0;
				GCC_PREPROCESSOR_DEFINITIONS = (
					"DEBUG=1",
					"$(inherited)",
				);
				GCC_WARN_64_TO_32_BIT_CONVERSION = YES;
				GCC_WARN_ABOUT_RETURN_TYPE = YES_ERROR;
				GCC_WARN_UNDECLARED_SELECTOR = YES;
				GCC_WARN_UNINITIALIZED_AUTOS = YES_AGGRESSIVE;
				GCC_WARN_UNUSED_FUNCTION = YES;
				GCC_WARN_UNUSED_VARIABLE = YES;
				IPHONEOS_DEPLOYMENT_TARGET = 10.0;
				MTL_ENABLE_DEBUG_INFO = YES;
				ONLY_ACTIVE_ARCH = YES;
				SDKROOT = iphoneos;
				SWIFT_ACTIVE_COMPILATION_CONDITIONS = DEBUG;
				SWIFT_OPTIMIZATION_LEVEL = "-Onone";
				TARGETED_DEVICE_FAMILY = "1,2";
			};
			name = Debug;
		};
		21BF1FB11DBE4D42001A45E3 /* Release */ = {
			isa = XCBuildConfiguration;
			buildSettings = {
				ALWAYS_SEARCH_USER_PATHS = NO;
				CLANG_ANALYZER_NONNULL = YES;
				CLANG_CXX_LANGUAGE_STANDARD = "gnu++0x";
				CLANG_CXX_LIBRARY = "libc++";
				CLANG_ENABLE_MODULES = YES;
				CLANG_ENABLE_OBJC_ARC = YES;
				CLANG_WARN_BOOL_CONVERSION = YES;
				CLANG_WARN_CONSTANT_CONVERSION = YES;
				CLANG_WARN_DIRECT_OBJC_ISA_USAGE = YES_ERROR;
				CLANG_WARN_DOCUMENTATION_COMMENTS = YES;
				CLANG_WARN_EMPTY_BODY = YES;
				CLANG_WARN_ENUM_CONVERSION = YES;
				CLANG_WARN_INFINITE_RECURSION = YES;
				CLANG_WARN_INT_CONVERSION = YES;
				CLANG_WARN_OBJC_ROOT_CLASS = YES_ERROR;
				CLANG_WARN_SUSPICIOUS_MOVES = YES;
				CLANG_WARN_UNREACHABLE_CODE = YES;
				CLANG_WARN__DUPLICATE_METHOD_MATCH = YES;
				"CODE_SIGN_IDENTITY[sdk=iphoneos*]" = "iPhone Developer";
				COPY_PHASE_STRIP = NO;
				DEBUG_INFORMATION_FORMAT = "dwarf-with-dsym";
				ENABLE_NS_ASSERTIONS = NO;
				ENABLE_STRICT_OBJC_MSGSEND = YES;
				GCC_C_LANGUAGE_STANDARD = gnu99;
				GCC_NO_COMMON_BLOCKS = YES;
				GCC_WARN_64_TO_32_BIT_CONVERSION = YES;
				GCC_WARN_ABOUT_RETURN_TYPE = YES_ERROR;
				GCC_WARN_UNDECLARED_SELECTOR = YES;
				GCC_WARN_UNINITIALIZED_AUTOS = YES_AGGRESSIVE;
				GCC_WARN_UNUSED_FUNCTION = YES;
				GCC_WARN_UNUSED_VARIABLE = YES;
				IPHONEOS_DEPLOYMENT_TARGET = 10.0;
				MTL_ENABLE_DEBUG_INFO = NO;
				SDKROOT = iphoneos;
				SWIFT_OPTIMIZATION_LEVEL = "-Owholemodule";
				TARGETED_DEVICE_FAMILY = "1,2";
				VALIDATE_PRODUCT = YES;
			};
			name = Release;
		};
		21BF1FB31DBE4D42001A45E3 /* Debug */ = {
			isa = XCBuildConfiguration;
			buildSettings = {
				ASSETCATALOG_COMPILER_APPICON_NAME = AppIcon;
				DEVELOPMENT_TEAM = NRVF758M2L;
				INFOPLIST_FILE = "Sound Map/Info.plist";
				LD_RUNPATH_SEARCH_PATHS = "$(inherited) @executable_path/Frameworks";
				PRODUCT_BUNDLE_IDENTIFIER = "aries.Sound-Map";
				PRODUCT_NAME = "$(TARGET_NAME)";
				SWIFT_VERSION = 3.0;
			};
			name = Debug;
		};
		21BF1FB41DBE4D42001A45E3 /* Release */ = {
			isa = XCBuildConfiguration;
			buildSettings = {
				ASSETCATALOG_COMPILER_APPICON_NAME = AppIcon;
				DEVELOPMENT_TEAM = NRVF758M2L;
				INFOPLIST_FILE = "Sound Map/Info.plist";
				LD_RUNPATH_SEARCH_PATHS = "$(inherited) @executable_path/Frameworks";
				PRODUCT_BUNDLE_IDENTIFIER = "aries.Sound-Map";
				PRODUCT_NAME = "$(TARGET_NAME)";
				SWIFT_VERSION = 3.0;
			};
			name = Release;
		};
		21BF1FB61DBE4D42001A45E3 /* Debug */ = {
			isa = XCBuildConfiguration;
			buildSettings = {
				ALWAYS_EMBED_SWIFT_STANDARD_LIBRARIES = YES;
				BUNDLE_LOADER = "$(TEST_HOST)";
				DEVELOPMENT_TEAM = NRVF758M2L;
				INFOPLIST_FILE = "Sound MapTests/Info.plist";
				LD_RUNPATH_SEARCH_PATHS = "$(inherited) @executable_path/Frameworks @loader_path/Frameworks";
				PRODUCT_BUNDLE_IDENTIFIER = "aries.Sound-MapTests";
				PRODUCT_NAME = "$(TARGET_NAME)";
				SWIFT_VERSION = 3.0;
				TEST_HOST = "$(BUILT_PRODUCTS_DIR)/Sound Map.app/Sound Map";
			};
			name = Debug;
		};
		21BF1FB71DBE4D42001A45E3 /* Release */ = {
			isa = XCBuildConfiguration;
			buildSettings = {
				ALWAYS_EMBED_SWIFT_STANDARD_LIBRARIES = YES;
				BUNDLE_LOADER = "$(TEST_HOST)";
				DEVELOPMENT_TEAM = NRVF758M2L;
				INFOPLIST_FILE = "Sound MapTests/Info.plist";
				LD_RUNPATH_SEARCH_PATHS = "$(inherited) @executable_path/Frameworks @loader_path/Frameworks";
				PRODUCT_BUNDLE_IDENTIFIER = "aries.Sound-MapTests";
				PRODUCT_NAME = "$(TARGET_NAME)";
				SWIFT_VERSION = 3.0;
				TEST_HOST = "$(BUILT_PRODUCTS_DIR)/Sound Map.app/Sound Map";
			};
			name = Release;
		};
		21BF1FB91DBE4D42001A45E3 /* Debug */ = {
			isa = XCBuildConfiguration;
			buildSettings = {
				ALWAYS_EMBED_SWIFT_STANDARD_LIBRARIES = YES;
				DEVELOPMENT_TEAM = NRVF758M2L;
				INFOPLIST_FILE = "Sound MapUITests/Info.plist";
				LD_RUNPATH_SEARCH_PATHS = "$(inherited) @executable_path/Frameworks @loader_path/Frameworks";
				PRODUCT_BUNDLE_IDENTIFIER = "aries.Sound-MapUITests";
				PRODUCT_NAME = "$(TARGET_NAME)";
				SWIFT_VERSION = 3.0;
				TEST_TARGET_NAME = "Sound Map";
			};
			name = Debug;
		};
		21BF1FBA1DBE4D42001A45E3 /* Release */ = {
			isa = XCBuildConfiguration;
			buildSettings = {
				ALWAYS_EMBED_SWIFT_STANDARD_LIBRARIES = YES;
				DEVELOPMENT_TEAM = NRVF758M2L;
				INFOPLIST_FILE = "Sound MapUITests/Info.plist";
				LD_RUNPATH_SEARCH_PATHS = "$(inherited) @executable_path/Frameworks @loader_path/Frameworks";
				PRODUCT_BUNDLE_IDENTIFIER = "aries.Sound-MapUITests";
				PRODUCT_NAME = "$(TARGET_NAME)";
				SWIFT_VERSION = 3.0;
				TEST_TARGET_NAME = "Sound Map";
			};
			name = Release;
		};
/* End XCBuildConfiguration section */

/* Begin XCConfigurationList section */
		21BF1F851DBE4D42001A45E3 /* Build configuration list for PBXProject "Sound Map" */ = {
			isa = XCConfigurationList;
			buildConfigurations = (
				21BF1FB01DBE4D42001A45E3 /* Debug */,
				21BF1FB11DBE4D42001A45E3 /* Release */,
			);
			defaultConfigurationIsVisible = 0;
			defaultConfigurationName = Release;
		};
		21BF1FB21DBE4D42001A45E3 /* Build configuration list for PBXNativeTarget "Sound Map" */ = {
			isa = XCConfigurationList;
			buildConfigurations = (
				21BF1FB31DBE4D42001A45E3 /* Debug */,
				21BF1FB41DBE4D42001A45E3 /* Release */,
			);
			defaultConfigurationIsVisible = 0;
		};
		21BF1FB51DBE4D42001A45E3 /* Build configuration list for PBXNativeTarget "Sound MapTests" */ = {
			isa = XCConfigurationList;
			buildConfigurations = (
				21BF1FB61DBE4D42001A45E3 /* Debug */,
				21BF1FB71DBE4D42001A45E3 /* Release */,
			);
			defaultConfigurationIsVisible = 0;
		};
		21BF1FB81DBE4D42001A45E3 /* Build configuration list for PBXNativeTarget "Sound MapUITests" */ = {
			isa = XCConfigurationList;
			buildConfigurations = (
				21BF1FB91DBE4D42001A45E3 /* Debug */,
				21BF1FBA1DBE4D42001A45E3 /* Release */,
			);
			defaultConfigurationIsVisible = 0;
		};
/* End XCConfigurationList section */
	};
	rootObject = 21BF1F821DBE4D42001A45E3 /* Project object */;
}
